[[package]]
name = "cachetools"
version = "3.1.1"
description = "Extensible memoizing collections and decorators"
category = "main"
optional = false
python-versions = "*"

[[package]]
name = "certifi"
version = "2020.12.5"
description = "Python package for providing Mozilla's CA Bundle."
category = "main"
optional = false
python-versions = "*"

[[package]]
name = "elastic-apm"
version = "5.4.3"
description = "The official Python module for Elastic APM"
category = "main"
optional = false
python-versions = "*"

[package.dependencies]
cachetools = {version = "*", markers = "python_version == \"2.7\""}
certifi = "*"
urllib3 = "*"

[package.extras]
aiohttp = ["aiohttp"]
flask = ["blinker"]
opentracing = ["opentracing (>=2.0.0)"]
starlette = ["starlette", "flask", "requests"]
tests = ["py (>=1.4.26)", "pytest (>=2.6.4)", "pytest-django (==2.8.0)", "pytest-capturelog (>=0.7)", "blinker (>=1.1)", "celery", "django-celery", "Flask (>=0.8)", "starlette", "logbook", "mock", "pep8", "webob", "pytz", "redis", "requests", "jinja2", "pytest-benchmark", "urllib3-mock", "twisted", "apipkg", "execnet", "isort", "pytest-cache", "pytest-isort", "unittest2", "python-memcached", "psycopg2"]
tornado = ["tornado"]

[[package]]
name = "qualname"
version = "0.1.0"
description = "__qualname__ emulation for older Python versions"
category = "main"
optional = false
python-versions = "*"

[[package]]
name = "urllib3"
version = "1.22"
description = "HTTP library with thread-safe connection pooling, file post, and more."
category = "main"
optional = false
python-versions = "*"

[package.extras]
secure = ["pyOpenSSL (>=0.14)", "cryptography (>=1.3.4)", "idna (>=2.0.0)", "certifi", "ipaddress"]
socks = ["PySocks (>=1.5.6,!=1.5.7,<2.0)"]

[metadata]
lock-version = "1.1"
python-versions = ">=2.7 || >=3.6"
content-hash = "e2caf2c776991b6bef1760ea02f936756b39fd6e72475061c0fd7d1441f5ddea"

[metadata.files]
cachetools = [
    {file = "cachetools-3.1.1-py2.py3-none-any.whl", hash = "sha256:428266a1c0d36dc5aca63a2d7c5942e88c2c898d72139fca0e97fdd2380517ae"},
    {file = "cachetools-3.1.1.tar.gz", hash = "sha256:8ea2d3ce97850f31e4a08b0e2b5e6c34997d7216a9d2c98e0f3978630d4da69a"},
]
certifi = [
    {file = "certifi-2020.12.5-py2.py3-none-any.whl", hash = "sha256:719a74fb9e33b9bd44cc7f3a8d94bc35e4049deebe19ba7d8e108280cfd59830"},
    {file = "certifi-2020.12.5.tar.gz", hash = "sha256:1a4995114262bffbc2413b159f2a1a480c969de6e6eb13ee966d470af86af59c"},
]
elastic-apm = [
    {file = "elastic-apm-5.4.3.tar.gz", hash = "sha256:bb014e66113e2b49a6e2fe5eb071f26675b8442c539bee6325d2c827700f5f65"},
    {file = "elastic_apm-5.4.3-cp27-cp27m-manylinux1_i686.whl", hash = "sha256:8d720fd7a4b5977bacd1278b06a8e892ce21a7b483f9407fe6cc1c39245554d0"},
    {file = "elastic_apm-5.4.3-cp27-cp27m-manylinux1_x86_64.whl", hash = "sha256:14abd7fc551bfa23fef98b4de951b598290fab366d5aa79b4dec1ad221a32f6c"},
    {file = "elastic_apm-5.4.3-cp27-cp27m-manylinux2010_i686.whl", hash = "sha256:e2e103d0e54bb80cb779f94f7873c40c7e7aed49d8579b6f7d3fc88ac09292ec"},
    {file = "elastic_apm-5.4.3-cp27-cp27m-manylinux2010_x86_64.whl", hash = "sha256:e781a32776ed92981261584935578d98cce73aa7a75510bd591d919e62f7dcbd"},
    {file = "elastic_apm-5.4.3-cp27-cp27mu-manylinux1_i686.whl", hash = "sha256:5c16e872cc360e38c8c8a372148d0ee77707981b3fddbdc31dfac67d1ff1b33a"},
    {file = "elastic_apm-5.4.3-cp27-cp27mu-manylinux1_x86_64.whl", hash = "sha256:7093db1e61b8852214278d03f7b94977659d4acb52535208644a4000db090537"},
    {file = "elastic_apm-5.4.3-cp27-cp27mu-manylinux2010_i686.whl", hash = "sha256:89c6fd7360b3908e95e02cefa69eb4d49c9b9269c16fadcf0b5d840739242097"},
    {file = "elastic_apm-5.4.3-cp27-cp27mu-manylinux2010_x86_64.whl", hash = "sha256:df703b3cf17f75dcb46a95290ac0e47ec1778db13d0052a8c3c603f19de9b278"},
    {file = "elastic_apm-5.4.3-cp35-cp35m-manylinux1_i686.whl", hash = "sha256:d4e8262d1a6b15dffbd83d4d9dea1f77518e46070b6584bf47fe939f8d1cd252"},
    {file = "elastic_apm-5.4.3-cp35-cp35m-manylinux1_x86_64.whl", hash = "sha256:272a24dba1e7f7bff8c3eb5c693a284f1728a38cd88ce74c4ec51df10586d1e4"},
    {file = "elastic_apm-5.4.3-cp35-cp35m-manylinux2010_i686.whl", hash = "sha256:fecdafea94b5b2f4755841bee11706c7dcb6ee8f91a3e244850ba1be6d6cb793"},
    {file = "elastic_apm-5.4.3-cp35-cp35m-manylinux2010_x86_64.whl", hash = "sha256:441337ab342c212d747f036e9f9aff8c4d29cbc7d1e931b074185a893ce72523"},
    {file = "elastic_apm-5.4.3-cp36-cp36m-manylinux1_i686.whl", hash = "sha256:33cd97902b2df6bf62df03e05b15dcae2845879ac87093c119f51e9249eb166f"},
    {file = "elastic_apm-5.4.3-cp36-cp36m-manylinux1_x86_64.whl", hash = "sha256:1abd9f321b32ec3dbc84a473c6e53e08bb881f0ac1490ca9c8a9f30022a9c1b3"},
    {file = "elastic_apm-5.4.3-cp36-cp36m-manylinux2010_i686.whl", hash = "sha256:8a0c3b87b6d1744e3444ef66b80ffbf3e88270d4e2e1694426b41bb86d1e516d"},
    {file = "elastic_apm-5.4.3-cp36-cp36m-manylinux2010_x86_64.whl", hash = "sha256:96d59c4ca476f602e218113dc49e9a1e180e7f97e3658655176611b8a69fb607"},
    {file = "elastic_apm-5.4.3-cp37-cp37m-manylinux1_i686.whl", hash = "sha256:9df5e58d9087a7ae2e91a12752ce4f8ca8606832302e1d0e30339a80336ab14a"},
    {file = "elastic_apm-5.4.3-cp37-cp37m-manylinux1_x86_64.whl", hash = "sha256:50866c5d6889bc21f5336bf7c883daaed4b0ca004fbaf3ec95a2144e26fff80a"},
    {file = "elastic_apm-5.4.3-cp37-cp37m-manylinux2010_i686.whl", hash = "sha256:dccefdbe15ae8ff862344b8bfe496b0739d3b44a2f755f321e2bffe82c580ef5"},
    {file = "elastic_apm-5.4.3-cp37-cp37m-manylinux2010_x86_64.whl", hash = "sha256:022c1d113a2b045ac772d3155e00326554a088f876c740cf31538e9e1b98cd3e"},
    {file = "elastic_apm-5.4.3-cp38-cp38-manylinux1_i686.whl", hash = "sha256:3e32fef77b8862371e1c0819cfd89b7eed216885f532836c378e4727eae6d978"},
    {file = "elastic_apm-5.4.3-cp38-cp38-manylinux1_x86_64.whl", hash = "sha256:858756d66bb9f532c82d0477066abba35d521ee087b6224790c2d705247bea3e"},
    {file = "elastic_apm-5.4.3-cp38-cp38-manylinux2010_i686.whl", hash = "sha256:a84d0d59bd72e51ef3f233dcaa9314d4c99dbc5b54c9e7baedc53829e9ffd306"},
    {file = "elastic_apm-5.4.3-cp38-cp38-manylinux2010_x86_64.whl", hash = "sha256:32a21f6c49f45a484a45f51cd17a0f88ec061f0ce16e811269e1ec2de650341a"},
]
qualname = [
    {file = "qualname-0.1.0.tar.gz", hash = "sha256:277cf6aa4b2ad36beed1153cfa7bf521b210d54fbecb3d8eea0c5679cecc9ed8"},
]
urllib3 = [
    {file = "urllib3-1.22-py2.py3-none-any.whl", hash = "sha256:06330f386d6e4b195fbfc736b297f58c5a892e4440e54d294d7004e3a9bbea1b"},
    {file = "urllib3-1.22.tar.gz", hash = "sha256:cc44da8e1145637334317feebd728bd869a35285b93cbb4cca2577da7e62db4f"},
]
